
Microsoft Visual Studio Solution File, Format Version 12.00
# Visual Studio Version 17
VisualStudioVersion = 17.11.35327.3
MinimumVisualStudioVersion = 10.0.40219.1
Project("{FAE04EC0-301F-11D3-BF4B-00C04F79EFBC}") = "Mediccont", "Mediccont.csproj", "{466B1B9C-C9B8-49EA-8B6F-80C311BB75C4}"
EndProject
Global
	GlobalSection(SolutionConfigurationPlatforms) = preSolution
		Debug|Any CPU = Debug|Any CPU
		Release|Any CPU = Release|Any CPU
	EndGlobalSection
	GlobalSection(ProjectConfigurationPlatforms) = postSolution
		{466B1B9C-C9B8-49EA-8B6F-80C311BB75C4}.Debug|Any CPU.ActiveCfg = Debug|Any CPU
		{466B1B9C-C9B8-49EA-8B6F-80C311BB75C4}.Debug|Any CPU.Build.0 = Debug|Any CPU
		{466B1B9C-C9B8-49EA-8B6F-80C311BB75C4}.Release|Any CPU.ActiveCfg = Release|Any CPU
		{466B1B9C-C9B8-49EA-8B6F-80C311BB75C4}.Release|Any CPU.Build.0 = Release|Any CPU
	EndGlobalSection
	GlobalSection(SolutionProperties) = preSolution
		HideSolutionNode = FALSE
	EndGlobalSection
	GlobalSection(ExtensibilityGlobals) = postSolution
		SolutionGuid = {8F3DBDFD-6843-4C88-9352-5A74FF567F8C}
	EndGlobalSection
EndGlobal
